{
    "_meta": {
        "hash": {
            "sha256": "c7dc62406beff2cf6c04a7cf71187a34ffb3f2f14f9abc76a10614b4cf14ab31"
        },
        "pipfile-spec": 6,
        "requires": {
            "python_version": "3.7"
        },
        "sources": [
            {
                "name": "pypi",
                "url": "https://pypi.org/simple",
                "verify_ssl": true
            }
        ]
    },
    "default": {
        "bitstring": {
            "hashes": [
                "sha256:c163a86fcef377c314690051885d86b47419e3e1770990c212e16723c1c08faa"
            ],
            "index": "pypi",
            "version": "==3.1.5"
        }
    },
    "develop": {}
}
